<?xml version="1.0" encoding="utf-8"?>
<Project ToolsVersion="4.0" xmlns="http://schemas.microsoft.com/developer/msbuild/2003">
  <ItemGroup>
    <Filter Include="Source Files">
      <UniqueIdentifier>{4FC737F1-C7A5-4376-A066-2A32D752A2FF}</UniqueIdentifier>
      <Extensions>cpp;c;cc;cxx;def;odl;idl;hpj;bat;asm;asmx</Extensions>
    </Filter>
    <Filter Include="Header Files">
      <UniqueIdentifier>{93995380-89BD-4b04-88EB-625FBE52EBFB}</UniqueIdentifier>
      <Extensions>h;hh;hpp;hxx;hm;inl;inc;ipp;xsd</Extensions>
    </Filter>
    <Filter Include="Resource Files">
      <UniqueIdentifier>{67DA6AB6-F800-4c08-8B7A-83BB121AAD01}</UniqueIdentifier>
      <Extensions>rc;ico;cur;bmp;dlg;rc2;rct;bin;rgs;gif;jpg;jpeg;jpe;resx;tiff;tif;png;wav;mfcribbon-ms</Extensions>
    </Filter>
  </ItemGroup>
  <ItemGroup>
    <ClInclude Include="Animation.h">
      <Filter>Header Files</Filter>
    </ClInclude>
    <ClInclude Include="Camera.h">
      <Filter>Header Files</Filter>
    </ClInclude>
    <ClInclude Include="CDraw.h">
      <Filter>Header Files</Filter>
    </ClInclude>
    <ClInclude Include="Debug.h">
      <Filter>Header Files</Filter>
    </ClInclude>
    <ClInclude Include="Game.h">
      <Filter>Header Files</Filter>
    </ClInclude>
    <ClInclude Include="Keyboard.h">
      <Filter>Header Files</Filter>
    </ClInclude>
    <ClInclude Include="Map.h">
      <Filter>Header Files</Filter>
    </ClInclude>
    <ClInclude Include="Object.h">
      <Filter>Header Files</Filter>
    </ClInclude>
    <ClInclude Include="QuadTree.h">
      <Filter>Header Files</Filter>
    </ClInclude>
    <ClInclude Include="Sprite.h">
      <Filter>Header Files</Filter>
    </ClInclude>
    <ClInclude Include="Texture.h">
      <Filter>Header Files</Filter>
    </ClInclude>
    <ClInclude Include="Aladin.h">
      <Filter>Header Files</Filter>
    </ClInclude>
    <ClInclude Include="TileSet.h">
      <Filter>Header Files</Filter>
    </ClInclude>
    <ClInclude Include="Apple.h">
      <Filter>Header Files</Filter>
    </ClInclude>
    <ClInclude Include="Collision.h">
      <Filter>Header Files</Filter>
    </ClInclude>
    <ClInclude Include="Wood.h">
      <Filter>Header Files</Filter>
    </ClInclude>
    <ClInclude Include="Buttress.h">
      <Filter>Header Files</Filter>
    </ClInclude>
    <ClInclude Include="SwordGuard.h">
      <Filter>Header Files</Filter>
    </ClInclude>
    <ClInclude Include="Skeleton.h">
      <Filter>Header Files</Filter>
    </ClInclude>
    <ClInclude Include="Pendulum.h">
      <Filter>Header Files</Filter>
    </ClInclude>
    <ClInclude Include="Leash.h">
      <Filter>Header Files</Filter>
    </ClInclude>
    <ClInclude Include="Bat.h">
      <Filter>Header Files</Filter>
    </ClInclude>
    <ClInclude Include="StaffGuard.h">
      <Filter>Header Files</Filter>
    </ClInclude>
    <ClInclude Include="ItemApple.h">
      <Filter>Header Files</Filter>
    </ClInclude>
    <ClInclude Include="ItemRubi.h">
      <Filter>Header Files</Filter>
    </ClInclude>
    <ClInclude Include="Heart.h">
      <Filter>Header Files</Filter>
    </ClInclude>
    <ClInclude Include="Peddler.h">
      <Filter>Header Files</Filter>
    </ClInclude>
    <ClInclude Include="RestartPoint.h">
      <Filter>Header Files</Filter>
    </ClInclude>
    <ClInclude Include="Genie.h">
      <Filter>Header Files</Filter>
    </ClInclude>
    <ClInclude Include="Rock.h">
      <Filter>Header Files</Filter>
    </ClInclude>
    <ClInclude Include="Jab.h">
      <Filter>Header Files</Filter>
    </ClInclude>
    <ClInclude Include="Bones.h">
      <Filter>Header Files</Filter>
    </ClInclude>
    <ClInclude Include="Mission.h">
      <Filter>Header Files</Filter>
    </ClInclude>
    <ClInclude Include="Text.h">
      <Filter>Header Files</Filter>
    </ClInclude>
    <ClInclude Include="MapTwo.h">
      <Filter>Header Files</Filter>
    </ClInclude>
    <ClInclude Include="Mission2.h">
      <Filter>Header Files</Filter>
    </ClInclude>
    <ClInclude Include="TileSet2.h">
      <Filter>Header Files</Filter>
    </ClInclude>
    <ClInclude Include="Floor.h">
      <Filter>Header Files</Filter>
    </ClInclude>
    <ClInclude Include="JaFar.h">
      <Filter>Header Files</Filter>
    </ClInclude>
    <ClInclude Include="Fire.h">
      <Filter>Header Files</Filter>
    </ClInclude>
    <ClInclude Include="Sound.h">
      <Filter>Header Files</Filter>
    </ClInclude>
    <ClInclude Include="GUI.h">
      <Filter>Header Files</Filter>
    </ClInclude>
    <ClInclude Include="Star.h">
      <Filter>Header Files</Filter>
    </ClInclude>
    <ClInclude Include="BackGround2.h">
      <Filter>Header Files</Filter>
    </ClInclude>
    <ClInclude Include="NewScreen.h">
      <Filter>Header Files</Filter>
    </ClInclude>
    <ClInclude Include="Pillar.h">
      <Filter>Header Files</Filter>
    </ClInclude>
    <ClInclude Include="Pillar2.h">
      <Filter>Header Files</Filter>
    </ClInclude>
    <ClInclude Include="Blood.h">
      <Filter>Header Files</Filter>
    </ClInclude>
    <ClInclude Include="EndGame.h">
      <Filter>Header Files</Filter>
    </ClInclude>
    <ClInclude Include="AladinEnd.h">
      <Filter>Header Files</Filter>
    </ClInclude>
  </ItemGroup>
  <ItemGroup>
    <ClCompile Include="Animation.cpp">
      <Filter>Source Files</Filter>
    </ClCompile>
    <ClCompile Include="Camera.cpp">
      <Filter>Source Files</Filter>
    </ClCompile>
    <ClCompile Include="CDraw.cpp">
      <Filter>Source Files</Filter>
    </ClCompile>
    <ClCompile Include="Debug.cpp">
      <Filter>Source Files</Filter>
    </ClCompile>
    <ClCompile Include="Game.cpp">
      <Filter>Source Files</Filter>
    </ClCompile>
    <ClCompile Include="Keyboard.cpp">
      <Filter>Source Files</Filter>
    </ClCompile>
    <ClCompile Include="main.cpp">
      <Filter>Source Files</Filter>
    </ClCompile>
    <ClCompile Include="Map.cpp">
      <Filter>Source Files</Filter>
    </ClCompile>
    <ClCompile Include="Object.cpp">
      <Filter>Source Files</Filter>
    </ClCompile>
    <ClCompile Include="QuadTree.cpp">
      <Filter>Source Files</Filter>
    </ClCompile>
    <ClCompile Include="Sprite.cpp">
      <Filter>Source Files</Filter>
    </ClCompile>
    <ClCompile Include="Texture.cpp">
      <Filter>Source Files</Filter>
    </ClCompile>
    <ClCompile Include="Aladin.cpp">
      <Filter>Source Files</Filter>
    </ClCompile>
    <ClCompile Include="TileSet.cpp">
      <Filter>Source Files</Filter>
    </ClCompile>
    <ClCompile Include="Apple.cpp">
      <Filter>Source Files</Filter>
    </ClCompile>
    <ClCompile Include="Collision.cpp">
      <Filter>Source Files</Filter>
    </ClCompile>
    <ClCompile Include="Wood.cpp">
      <Filter>Source Files</Filter>
    </ClCompile>
    <ClCompile Include="Buttress.cpp">
      <Filter>Source Files</Filter>
    </ClCompile>
    <ClCompile Include="SwordGuard.cpp">
      <Filter>Source Files</Filter>
    </ClCompile>
    <ClCompile Include="Skeleton.cpp">
      <Filter>Source Files</Filter>
    </ClCompile>
    <ClCompile Include="Pendulum.cpp">
      <Filter>Source Files</Filter>
    </ClCompile>
    <ClCompile Include="Leash.cpp">
      <Filter>Source Files</Filter>
    </ClCompile>
    <ClCompile Include="Bat.cpp">
      <Filter>Source Files</Filter>
    </ClCompile>
    <ClCompile Include="StaffGuard.cpp">
      <Filter>Source Files</Filter>
    </ClCompile>
    <ClCompile Include="ItemApple.cpp">
      <Filter>Source Files</Filter>
    </ClCompile>
    <ClCompile Include="ItemRubi.cpp">
      <Filter>Source Files</Filter>
    </ClCompile>
    <ClCompile Include="Heart.cpp">
      <Filter>Source Files</Filter>
    </ClCompile>
    <ClCompile Include="Peddler.cpp">
      <Filter>Source Files</Filter>
    </ClCompile>
    <ClCompile Include="RestartPoint.cpp">
      <Filter>Source Files</Filter>
    </ClCompile>
    <ClCompile Include="Genie.cpp">
      <Filter>Source Files</Filter>
    </ClCompile>
    <ClCompile Include="Rock.cpp">
      <Filter>Source Files</Filter>
    </ClCompile>
    <ClCompile Include="Jab.cpp">
      <Filter>Source Files</Filter>
    </ClCompile>
    <ClCompile Include="Bones.cpp">
      <Filter>Source Files</Filter>
    </ClCompile>
    <ClCompile Include="Mission.cpp">
      <Filter>Source Files</Filter>
    </ClCompile>
    <ClCompile Include="Text.cpp">
      <Filter>Source Files</Filter>
    </ClCompile>
    <ClCompile Include="MapTwo.cpp">
      <Filter>Source Files</Filter>
    </ClCompile>
    <ClCompile Include="Mission2.cpp">
      <Filter>Source Files</Filter>
    </ClCompile>
    <ClCompile Include="TileSet2.cpp">
      <Filter>Source Files</Filter>
    </ClCompile>
    <ClCompile Include="Floor.cpp">
      <Filter>Source Files</Filter>
    </ClCompile>
    <ClCompile Include="JaFar.cpp">
      <Filter>Source Files</Filter>
    </ClCompile>
    <ClCompile Include="Fire.cpp">
      <Filter>Source Files</Filter>
    </ClCompile>
    <ClCompile Include="Sound.cpp">
      <Filter>Source Files</Filter>
    </ClCompile>
    <ClCompile Include="GUI.cpp">
      <Filter>Source Files</Filter>
    </ClCompile>
    <ClCompile Include="Star.cpp">
      <Filter>Source Files</Filter>
    </ClCompile>
    <ClCompile Include="BackGround2.cpp">
      <Filter>Source Files</Filter>
    </ClCompile>
    <ClCompile Include="NewScreen.cpp">
      <Filter>Source Files</Filter>
    </ClCompile>
    <ClCompile Include="Pillar.cpp">
      <Filter>Source Files</Filter>
    </ClCompile>
    <ClCompile Include="Pillar2.cpp">
      <Filter>Source Files</Filter>
    </ClCompile>
    <ClCompile Include="Blood.cpp">
      <Filter>Source Files</Filter>
    </ClCompile>
    <ClCompile Include="EndGame.cpp">
      <Filter>Source Files</Filter>
    </ClCompile>
    <ClCompile Include="AladinEnd.cpp">
      <Filter>Source Files</Filter>
    </ClCompile>
  </ItemGroup>
</Project>